
Microsoft Visual Studio Solution File, Format Version 12.00
# Visual Studio Version 16
VisualStudioVersion = 16.0.32602.291
MinimumVisualStudioVersion = 10.0.40219.1
Project("{FAE04EC0-301F-11D3-BF4B-00C04F79EFBC}") = "SecureWebApp", "SecureWebApp.csproj", "{4F45FBEC-3D39-4127-8E13-9691DB625A95}"
EndProject
Global
	GlobalSection(SolutionConfigurationPlatforms) = preSolution
		Debug|Any CPU = Debug|Any CPU
		Release|Any CPU = Release|Any CPU
	EndGlobalSection
	GlobalSection(ProjectConfigurationPlatforms) = postSolution
		{4F45FBEC-3D39-4127-8E13-9691DB625A95}.Debug|Any CPU.ActiveCfg = Debug|Any CPU
		{4F45FBEC-3D39-4127-8E13-9691DB625A95}.Debug|Any CPU.Build.0 = Debug|Any CPU
		{4F45FBEC-3D39-4127-8E13-9691DB625A95}.Release|Any CPU.ActiveCfg = Release|Any CPU
		{4F45FBEC-3D39-4127-8E13-9691DB625A95}.Release|Any CPU.Build.0 = Release|Any CPU
	EndGlobalSection
	GlobalSection(SolutionProperties) = preSolution
		HideSolutionNode = FALSE
	EndGlobalSection
	GlobalSection(ExtensibilityGlobals) = postSolution
		SolutionGuid = {776C3253-FB65-41C2-BB17-23A3AC3C26E9}
	EndGlobalSection
EndGlobal
